
Microsoft Visual Studio Solution File, Format Version 12.00
# Visual Studio 15
VisualStudioVersion = 15.0.27703.2035
MinimumVisualStudioVersion = 10.0.40219.1
Project("{FAE04EC0-301F-11D3-BF4B-00C04F79EFBC}") = "ImageEditorWF", "ImageEditorWF\ImageEditorWF.csproj", "{4E02B769-4F4E-40A7-A503-84896EE09CF2}"
EndProject
Project("{FAE04EC0-301F-11D3-BF4B-00C04F79EFBC}") = "EditorTools", "EditorTools\EditorTools.csproj", "{9ED8D0B7-1897-492F-A1E5-9A83DD7F3A8F}"
EndProject
Project("{FAE04EC0-301F-11D3-BF4B-00C04F79EFBC}") = "ImageEditorWPF", "ImageEditorWPF\ImageEditorWPF.csproj", "{781678AD-8DEB-4094-A325-595B0C634D76}"
EndProject
Global
	GlobalSection(SolutionConfigurationPlatforms) = preSolution
		Debug|Any CPU = Debug|Any CPU
		Release|Any CPU = Release|Any CPU
	EndGlobalSection
	GlobalSection(ProjectConfigurationPlatforms) = postSolution
		{4E02B769-4F4E-40A7-A503-84896EE09CF2}.Debug|Any CPU.ActiveCfg = Debug|Any CPU
		{4E02B769-4F4E-40A7-A503-84896EE09CF2}.Debug|Any CPU.Build.0 = Debug|Any CPU
		{4E02B769-4F4E-40A7-A503-84896EE09CF2}.Release|Any CPU.ActiveCfg = Release|Any CPU
		{4E02B769-4F4E-40A7-A503-84896EE09CF2}.Release|Any CPU.Build.0 = Release|Any CPU
		{9ED8D0B7-1897-492F-A1E5-9A83DD7F3A8F}.Debug|Any CPU.ActiveCfg = Debug|Any CPU
		{9ED8D0B7-1897-492F-A1E5-9A83DD7F3A8F}.Debug|Any CPU.Build.0 = Debug|Any CPU
		{9ED8D0B7-1897-492F-A1E5-9A83DD7F3A8F}.Release|Any CPU.ActiveCfg = Release|Any CPU
		{9ED8D0B7-1897-492F-A1E5-9A83DD7F3A8F}.Release|Any CPU.Build.0 = Release|Any CPU
		{781678AD-8DEB-4094-A325-595B0C634D76}.Debug|Any CPU.ActiveCfg = Debug|Any CPU
		{781678AD-8DEB-4094-A325-595B0C634D76}.Debug|Any CPU.Build.0 = Debug|Any CPU
		{781678AD-8DEB-4094-A325-595B0C634D76}.Release|Any CPU.ActiveCfg = Release|Any CPU
		{781678AD-8DEB-4094-A325-595B0C634D76}.Release|Any CPU.Build.0 = Release|Any CPU
	EndGlobalSection
	GlobalSection(SolutionProperties) = preSolution
		HideSolutionNode = FALSE
	EndGlobalSection
	GlobalSection(ExtensibilityGlobals) = postSolution
		SolutionGuid = {8552748B-0960-438E-AA85-1435B67A0A01}
	EndGlobalSection
EndGlobal
